
Microsoft Visual Studio Solution File, Format Version 12.00
# Visual Studio Version 16
VisualStudioVersion = 16.0.32002.261
MinimumVisualStudioVersion = 10.0.40219.1
Project("{FAE04EC0-301F-11D3-BF4B-00C04F79EFBC}") = "Pazarama_Books", "Pazarama_Books\Pazarama_Books.csproj", "{446D51B9-3B5C-48AC-9493-3C38375B6739}"
EndProject
Global
	GlobalSection(SolutionConfigurationPlatforms) = preSolution
		Debug|Any CPU = Debug|Any CPU
		Release|Any CPU = Release|Any CPU
	EndGlobalSection
	GlobalSection(ProjectConfigurationPlatforms) = postSolution
		{446D51B9-3B5C-48AC-9493-3C38375B6739}.Debug|Any CPU.ActiveCfg = Debug|Any CPU
		{446D51B9-3B5C-48AC-9493-3C38375B6739}.Debug|Any CPU.Build.0 = Debug|Any CPU
		{446D51B9-3B5C-48AC-9493-3C38375B6739}.Release|Any CPU.ActiveCfg = Release|Any CPU
		{446D51B9-3B5C-48AC-9493-3C38375B6739}.Release|Any CPU.Build.0 = Release|Any CPU
	EndGlobalSection
	GlobalSection(SolutionProperties) = preSolution
		HideSolutionNode = FALSE
	EndGlobalSection
	GlobalSection(ExtensibilityGlobals) = postSolution
		SolutionGuid = {4FDAF3FB-71D4-4DF6-9573-A2E6E33F0A22}
	EndGlobalSection
EndGlobal
